<?xml version="1.0" encoding="UTF-8"?>
<Scheme
   LastUpgradeVersion = "1540"
   version = "1.7">
   <BuildAction
      parallelizeBuildables = "YES"
      buildImplicitDependencies = "YES"
      buildArchitectures = "Automatic">
      <BuildActionEntries>
         <BuildActionEntry
            buildForTesting = "YES"
            buildForRunning = "YES"
            buildForProfiling = "YES"
            buildForArchiving = "YES"
            buildForAnalyzing = "YES">
            <BuildableReference
               BuildableIdentifier = "primary"
               BlueprintIdentifier = "2BF0E09D2CA052E200A0D5EE"
               BuildableName = "Snapshots.app"
               BlueprintName = "Snapshots"
               ReferencedContainer = "container:Snapshots.xcodeproj">
            </BuildableReference>
         </BuildActionEntry>
      </BuildActionEntries>
   </BuildAction>
   <TestAction
      buildConfiguration = "Debug"
      selectedDebuggerIdentifier = "Xcode.DebuggerFoundation.Debugger.LLDB"
      selectedLauncherIdentifier = "Xcode.DebuggerFoundation.Launcher.LLDB"
      shouldUseLaunchSchemeArgsEnv = "YES">
      <PreActions>
         <ExecutionAction
            ActionType = "Xcode.IDEStandardExecutionActionsCore.ExecutionActionType.ShellScriptAction">
            <ActionContent
               title = "Run Script"
               scriptText = "if [ -x &quot;$(command -v git)&quot; ] &amp;&amp; [ -x &quot;$(command -v git-lfs)&quot; ]; then&#10;  git lfs pull&#10;else&#10;  echo &quot;Git or Git LFS is not installed.&quot;&#10;fi# Type a script or drag a script file from your workspace to insert its path.&#10;">
            </ActionContent>
         </ExecutionAction>
      </PreActions>
      <TestPlans>
         <TestPlanReference
            reference = "container:Separated_snapshots.xctestplan"
            default = "YES">
         </TestPlanReference>
      </TestPlans>
      <Testables>
         <TestableReference
            skipped = "NO"
            parallelizable = "YES">
            <BuildableReference
               BuildableIdentifier = "primary"
               BlueprintIdentifier = "2BF0E0AD2CA052E300A0D5EE"
               BuildableName = "SnapshotsTests.xctest"
               BlueprintName = "SnapshotsTests"
               ReferencedContainer = "container:Snapshots.xcodeproj">
            </BuildableReference>
            <SkippedTests>
               <Test
                  Identifier = "JustUnitTests">
               </Test>
            </SkippedTests>
         </TestableReference>
         <TestableReference
            skipped = "NO"
            parallelizable = "YES">
            <BuildableReference
               BuildableIdentifier = "primary"
               BlueprintIdentifier = "2BF0E0B72CA052E300A0D5EE"
               BuildableName = "SnapshotsUITests.xctest"
               BlueprintName = "SnapshotsUITests"
               ReferencedContainer = "container:Snapshots.xcodeproj">
            </BuildableReference>
         </TestableReference>
      </Testables>
   </TestAction>
   <LaunchAction
      buildConfiguration = "Debug"
      selectedDebuggerIdentifier = "Xcode.DebuggerFoundation.Debugger.LLDB"
      selectedLauncherIdentifier = "Xcode.DebuggerFoundation.Launcher.LLDB"
      launchStyle = "0"
      useCustomWorkingDirectory = "NO"
      ignoresPersistentStateOnLaunch = "NO"
      debugDocumentVersioning = "YES"
      debugServiceExtension = "internal"
      allowLocationSimulation = "YES">
      <BuildableProductRunnable
         runnableDebuggingMode = "0">
         <BuildableReference
            BuildableIdentifier = "primary"
            BlueprintIdentifier = "2BF0E09D2CA052E200A0D5EE"
            BuildableName = "Snapshots.app"
            BlueprintName = "Snapshots"
            ReferencedContainer = "container:Snapshots.xcodeproj">
         </BuildableReference>
      </BuildableProductRunnable>
   </LaunchAction>
   <ProfileAction
      buildConfiguration = "Release"
      shouldUseLaunchSchemeArgsEnv = "YES"
      savedToolIdentifier = ""
      useCustomWorkingDirectory = "NO"
      debugDocumentVersioning = "YES">
      <BuildableProductRunnable
         runnableDebuggingMode = "0">
         <BuildableReference
            BuildableIdentifier = "primary"
            BlueprintIdentifier = "2BF0E09D2CA052E200A0D5EE"
            BuildableName = "Snapshots.app"
            BlueprintName = "Snapshots"
            ReferencedContainer = "container:Snapshots.xcodeproj">
         </BuildableReference>
      </BuildableProductRunnable>
   </ProfileAction>
   <AnalyzeAction
      buildConfiguration = "Debug">
   </AnalyzeAction>
   <ArchiveAction
      buildConfiguration = "Release"
      revealArchiveInOrganizer = "YES">
   </ArchiveAction>
</Scheme>
