// !$*UTF8*$!
{
	archiveVersion = 1;
	classes = {
	};
	objectVersion = 56;
	objects = {

/* Begin PBXBuildFile section */
		2BF0E0A22CA052E200A0D5EE /* SnapshotsApp.swift in Sources */ = {isa = PBXBuildFile; fileRef = 2BF0E0A12CA052E200A0D5EE /* SnapshotsApp.swift */; };
		2BF0E0A42CA052E200A0D5EE /* ContentView.swift in Sources */ = {isa = PBXBuildFile; fileRef = 2BF0E0A32CA052E200A0D5EE /* ContentView.swift */; };
		2BF0E0A62CA052E300A0D5EE /* Assets.xcassets in Resources */ = {isa = PBXBuildFile; fileRef = 2BF0E0A52CA052E300A0D5EE /* Assets.xcassets */; };
		2BF0E0A92CA052E300A0D5EE /* Preview Assets.xcassets in Resources */ = {isa = PBXBuildFile; fileRef = 2BF0E0A82CA052E300A0D5EE /* Preview Assets.xcassets */; };
		2BF0E0B32CA052E300A0D5EE /* SnapshotsTests.swift in Sources */ = {isa = PBXBuildFile; fileRef = 2BF0E0B22CA052E300A0D5EE /* SnapshotsTests.swift */; };
		2BF0E0BD2CA052E300A0D5EE /* SnapshotsUITests.swift in Sources */ = {isa = PBXBuildFile; fileRef = 2BF0E0BC2CA052E300A0D5EE /* SnapshotsUITests.swift */; };
		2BF0E0BF2CA052E300A0D5EE /* SnapshotsUITestsLaunchTests.swift in Sources */ = {isa = PBXBuildFile; fileRef = 2BF0E0BE2CA052E300A0D5EE /* SnapshotsUITestsLaunchTests.swift */; };
/* End PBXBuildFile section */

/* Begin PBXContainerItemProxy section */
		2BF0E0AF2CA052E300A0D5EE /* PBXContainerItemProxy */ = {
			isa = PBXContainerItemProxy;
			containerPortal = 2BF0E0962CA052E200A0D5EE /* Project object */;
			proxyType = 1;
			remoteGlobalIDString = 2BF0E09D2CA052E200A0D5EE;
			remoteInfo = Snapshots;
		};
		2BF0E0B92CA052E300A0D5EE /* PBXContainerItemProxy */ = {
			isa = PBXContainerItemProxy;
			containerPortal = 2BF0E0962CA052E200A0D5EE /* Project object */;
			proxyType = 1;
			remoteGlobalIDString = 2BF0E09D2CA052E200A0D5EE;
			remoteInfo = Snapshots;
		};
/* End PBXContainerItemProxy section */

/* Begin PBXFileReference section */
		2BF0E09E2CA052E200A0D5EE /* Snapshots.app */ = {isa = PBXFileReference; explicitFileType = wrapper.application; includeInIndex = 0; path = Snapshots.app; sourceTree = BUILT_PRODUCTS_DIR; };
		2BF0E0A12CA052E200A0D5EE /* SnapshotsApp.swift */ = {isa = PBXFileReference; lastKnownFileType = sourcecode.swift; path = SnapshotsApp.swift; sourceTree = "<group>"; };
		2BF0E0A32CA052E200A0D5EE /* ContentView.swift */ = {isa = PBXFileReference; lastKnownFileType = sourcecode.swift; path = ContentView.swift; sourceTree = "<group>"; };
		2BF0E0A52CA052E300A0D5EE /* Assets.xcassets */ = {isa = PBXFileReference; lastKnownFileType = folder.assetcatalog; path = Assets.xcassets; sourceTree = "<group>"; };
		2BF0E0A82CA052E300A0D5EE /* Preview Assets.xcassets */ = {isa = PBXFileReference; lastKnownFileType = folder.assetcatalog; path = "Preview Assets.xcassets"; sourceTree = "<group>"; };
		2BF0E0AE2CA052E300A0D5EE /* SnapshotsTests.xctest */ = {isa = PBXFileReference; explicitFileType = wrapper.cfbundle; includeInIndex = 0; path = SnapshotsTests.xctest; sourceTree = BUILT_PRODUCTS_DIR; };
		2BF0E0B22CA052E300A0D5EE /* SnapshotsTests.swift */ = {isa = PBXFileReference; lastKnownFileType = sourcecode.swift; path = SnapshotsTests.swift; sourceTree = "<group>"; };
		2BF0E0B82CA052E300A0D5EE /* SnapshotsUITests.xctest */ = {isa = PBXFileReference; explicitFileType = wrapper.cfbundle; includeInIndex = 0; path = SnapshotsUITests.xctest; sourceTree = BUILT_PRODUCTS_DIR; };
		2BF0E0BC2CA052E300A0D5EE /* SnapshotsUITests.swift */ = {isa = PBXFileReference; lastKnownFileType = sourcecode.swift; path = SnapshotsUITests.swift; sourceTree = "<group>"; };
		2BF0E0BE2CA052E300A0D5EE /* SnapshotsUITestsLaunchTests.swift */ = {isa = PBXFileReference; lastKnownFileType = sourcecode.swift; path = SnapshotsUITestsLaunchTests.swift; sourceTree = "<group>"; };
/* End PBXFileReference section */

/* Begin PBXFrameworksBuildPhase section */
		2BF0E09B2CA052E200A0D5EE /* Frameworks */ = {
			isa = PBXFrameworksBuildPhase;
			buildActionMask = 2147483647;
			files = (
			);
			runOnlyForDeploymentPostprocessing = 0;
		};
		2BF0E0AB2CA052E300A0D5EE /* Frameworks */ = {
			isa = PBXFrameworksBuildPhase;
			buildActionMask = 2147483647;
			files = (
			);
			runOnlyForDeploymentPostprocessing = 0;
		};
		2BF0E0B52CA052E300A0D5EE /* Frameworks */ = {
			isa = PBXFrameworksBuildPhase;
			buildActionMask = 2147483647;
			files = (
			);
			runOnlyForDeploymentPostprocessing = 0;
		};
/* End PBXFrameworksBuildPhase section */

/* Begin PBXGroup section */
		2BF0E0952CA052E200A0D5EE = {
			isa = PBXGroup;
			children = (
				2BF0E0A02CA052E200A0D5EE /* Snapshots */,
				2BF0E0B12CA052E300A0D5EE /* SnapshotsTests */,
				2BF0E0BB2CA052E300A0D5EE /* SnapshotsUITests */,
				2BF0E09F2CA052E200A0D5EE /* Products */,
			);
			sourceTree = "<group>";
		};
		2BF0E09F2CA052E200A0D5EE /* Products */ = {
			isa = PBXGroup;
			children = (
				2BF0E09E2CA052E200A0D5EE /* Snapshots.app */,
				2BF0E0AE2CA052E300A0D5EE /* SnapshotsTests.xctest */,
				2BF0E0B82CA052E300A0D5EE /* SnapshotsUITests.xctest */,
			);
			name = Products;
			sourceTree = "<group>";
		};
		2BF0E0A02CA052E200A0D5EE /* Snapshots */ = {
			isa = PBXGroup;
			children = (
				2BF0E0A12CA052E200A0D5EE /* SnapshotsApp.swift */,
				2BF0E0A32CA052E200A0D5EE /* ContentView.swift */,
				2BF0E0A52CA052E300A0D5EE /* Assets.xcassets */,
				2BF0E0A72CA052E300A0D5EE /* Preview Content */,
			);
			path = Snapshots;
			sourceTree = "<group>";
		};
		2BF0E0A72CA052E300A0D5EE /* Preview Content */ = {
			isa = PBXGroup;
			children = (
				2BF0E0A82CA052E300A0D5EE /* Preview Assets.xcassets */,
			);
			path = "Preview Content";
			sourceTree = "<group>";
		};
		2BF0E0B12CA052E300A0D5EE /* SnapshotsTests */ = {
			isa = PBXGroup;
			children = (
				2BF0E0B22CA052E300A0D5EE /* SnapshotsTests.swift */,
			);
			path = SnapshotsTests;
			sourceTree = "<group>";
		};
		2BF0E0BB2CA052E300A0D5EE /* SnapshotsUITests */ = {
			isa = PBXGroup;
			children = (
				2BF0E0BC2CA052E300A0D5EE /* SnapshotsUITests.swift */,
				2BF0E0BE2CA052E300A0D5EE /* SnapshotsUITestsLaunchTests.swift */,
			);
			path = SnapshotsUITests;
			sourceTree = "<group>";
		};
/* End PBXGroup section */

/* Begin PBXNativeTarget section */
		2BF0E09D2CA052E200A0D5EE /* Snapshots */ = {
			isa = PBXNativeTarget;
			buildConfigurationList = 2BF0E0C22CA052E300A0D5EE /* Build configuration list for PBXNativeTarget "Snapshots" */;
			buildPhases = (
				2BF0E09A2CA052E200A0D5EE /* Sources */,
				2BF0E09B2CA052E200A0D5EE /* Frameworks */,
				2BF0E09C2CA052E200A0D5EE /* Resources */,
			);
			buildRules = (
			);
			dependencies = (
			);
			name = Snapshots;
			productName = Snapshots;
			productReference = 2BF0E09E2CA052E200A0D5EE /* Snapshots.app */;
			productType = "com.apple.product-type.application";
		};
		2BF0E0AD2CA052E300A0D5EE /* SnapshotsTests */ = {
			isa = PBXNativeTarget;
			buildConfigurationList = 2BF0E0C52CA052E300A0D5EE /* Build configuration list for PBXNativeTarget "SnapshotsTests" */;
			buildPhases = (
				2BF0E0AA2CA052E300A0D5EE /* Sources */,
				2BF0E0AB2CA052E300A0D5EE /* Frameworks */,
				2BF0E0AC2CA052E300A0D5EE /* Resources */,
			);
			buildRules = (
			);
			dependencies = (
				2BF0E0B02CA052E300A0D5EE /* PBXTargetDependency */,
			);
			name = SnapshotsTests;
			productName = SnapshotsTests;
			productReference = 2BF0E0AE2CA052E300A0D5EE /* SnapshotsTests.xctest */;
			productType = "com.apple.product-type.bundle.unit-test";
		};
		2BF0E0B72CA052E300A0D5EE /* SnapshotsUITests */ = {
			isa = PBXNativeTarget;
			buildConfigurationList = 2BF0E0C82CA052E300A0D5EE /* Build configuration list for PBXNativeTarget "SnapshotsUITests" */;
			buildPhases = (
				2BF0E0B42CA052E300A0D5EE /* Sources */,
				2BF0E0B52CA052E300A0D5EE /* Frameworks */,
				2BF0E0B62CA052E300A0D5EE /* Resources */,
			);
			buildRules = (
			);
			dependencies = (
				2BF0E0BA2CA052E300A0D5EE /* PBXTargetDependency */,
			);
			name = SnapshotsUITests;
			productName = SnapshotsUITests;
			productReference = 2BF0E0B82CA052E300A0D5EE /* SnapshotsUITests.xctest */;
			productType = "com.apple.product-type.bundle.ui-testing";
		};
/* End PBXNativeTarget section */

/* Begin PBXProject section */
		2BF0E0962CA052E200A0D5EE /* Project object */ = {
			isa = PBXProject;
			attributes = {
				BuildIndependentTargetsInParallel = 1;
				LastSwiftUpdateCheck = 1540;
				LastUpgradeCheck = 1540;
				TargetAttributes = {
					2BF0E09D2CA052E200A0D5EE = {
						CreatedOnToolsVersion = 15.4;
					};
					2BF0E0AD2CA052E300A0D5EE = {
						CreatedOnToolsVersion = 15.4;
						TestTargetID = 2BF0E09D2CA052E200A0D5EE;
					};
					2BF0E0B72CA052E300A0D5EE = {
						CreatedOnToolsVersion = 15.4;
						TestTargetID = 2BF0E09D2CA052E200A0D5EE;
					};
				};
			};
			buildConfigurationList = 2BF0E0992CA052E200A0D5EE /* Build configuration list for PBXProject "Snapshots" */;
			compatibilityVersion = "Xcode 14.0";
			developmentRegion = en;
			hasScannedForEncodings = 0;
			knownRegions = (
				en,
				Base,
			);
			mainGroup = 2BF0E0952CA052E200A0D5EE;
			productRefGroup = 2BF0E09F2CA052E200A0D5EE /* Products */;
			projectDirPath = "";
			projectRoot = "";
			targets = (
				2BF0E09D2CA052E200A0D5EE /* Snapshots */,
				2BF0E0AD2CA052E300A0D5EE /* SnapshotsTests */,
				2BF0E0B72CA052E300A0D5EE /* SnapshotsUITests */,
			);
		};
/* End PBXProject section */

/* Begin PBXResourcesBuildPhase section */
		2BF0E09C2CA052E200A0D5EE /* Resources */ = {
			isa = PBXResourcesBuildPhase;
			buildActionMask = 2147483647;
			files = (
				2BF0E0A92CA052E300A0D5EE /* Preview Assets.xcassets in Resources */,
				2BF0E0A62CA052E300A0D5EE /* Assets.xcassets in Resources */,
			);
			runOnlyForDeploymentPostprocessing = 0;
		};
		2BF0E0AC2CA052E300A0D5EE /* Resources */ = {
			isa = PBXResourcesBuildPhase;
			buildActionMask = 2147483647;
			files = (
			);
			runOnlyForDeploymentPostprocessing = 0;
		};
		2BF0E0B62CA052E300A0D5EE /* Resources */ = {
			isa = PBXResourcesBuildPhase;
			buildActionMask = 2147483647;
			files = (
			);
			runOnlyForDeploymentPostprocessing = 0;
		};
/* End PBXResourcesBuildPhase section */

/* Begin PBXSourcesBuildPhase section */
		2BF0E09A2CA052E200A0D5EE /* Sources */ = {
			isa = PBXSourcesBuildPhase;
			buildActionMask = 2147483647;
			files = (
				2BF0E0A42CA052E200A0D5EE /* ContentView.swift in Sources */,
				2BF0E0A22CA052E200A0D5EE /* SnapshotsApp.swift in Sources */,
			);
			runOnlyForDeploymentPostprocessing = 0;
		};
		2BF0E0AA2CA052E300A0D5EE /* Sources */ = {
			isa = PBXSourcesBuildPhase;
			buildActionMask = 2147483647;
			files = (
				2BF0E0B32CA052E300A0D5EE /* SnapshotsTests.swift in Sources */,
			);
			runOnlyForDeploymentPostprocessing = 0;
		};
		2BF0E0B42CA052E300A0D5EE /* Sources */ = {
			isa = PBXSourcesBuildPhase;
			buildActionMask = 2147483647;
			files = (
				2BF0E0BF2CA052E300A0D5EE /* SnapshotsUITestsLaunchTests.swift in Sources */,
				2BF0E0BD2CA052E300A0D5EE /* SnapshotsUITests.swift in Sources */,
			);
			runOnlyForDeploymentPostprocessing = 0;
		};
/* End PBXSourcesBuildPhase section */

/* Begin PBXTargetDependency section */
		2BF0E0B02CA052E300A0D5EE /* PBXTargetDependency */ = {
			isa = PBXTargetDependency;
			target = 2BF0E09D2CA052E200A0D5EE /* Snapshots */;
			targetProxy = 2BF0E0AF2CA052E300A0D5EE /* PBXContainerItemProxy */;
		};
		2BF0E0BA2CA052E300A0D5EE /* PBXTargetDependency */ = {
			isa = PBXTargetDependency;
			target = 2BF0E09D2CA052E200A0D5EE /* Snapshots */;
			targetProxy = 2BF0E0B92CA052E300A0D5EE /* PBXContainerItemProxy */;
		};
/* End PBXTargetDependency section */

/* Begin XCBuildConfiguration section */
		2BF0E0C02CA052E300A0D5EE /* Debug */ = {
			isa = XCBuildConfiguration;
			buildSettings = {
				ALWAYS_SEARCH_USER_PATHS = NO;
				ASSETCATALOG_COMPILER_GENERATE_SWIFT_ASSET_SYMBOL_EXTENSIONS = YES;
				CLANG_ANALYZER_NONNULL = YES;
				CLANG_ANALYZER_NUMBER_OBJECT_CONVERSION = YES_AGGRESSIVE;
				CLANG_CXX_LANGUAGE_STANDARD = "gnu++20";
				CLANG_ENABLE_MODULES = YES;
				CLANG_ENABLE_OBJC_ARC = YES;
				CLANG_ENABLE_OBJC_WEAK = YES;
				CLANG_WARN_BLOCK_CAPTURE_AUTORELEASING = YES;
				CLANG_WARN_BOOL_CONVERSION = YES;
				CLANG_WARN_COMMA = YES;
				CLANG_WARN_CONSTANT_CONVERSION = YES;
				CLANG_WARN_DEPRECATED_OBJC_IMPLEMENTATIONS = YES;
				CLANG_WARN_DIRECT_OBJC_ISA_USAGE = YES_ERROR;
				CLANG_WARN_DOCUMENTATION_COMMENTS = YES;
				CLANG_WARN_EMPTY_BODY = YES;
				CLANG_WARN_ENUM_CONVERSION = YES;
				CLANG_WARN_INFINITE_RECURSION = YES;
				CLANG_WARN_INT_CONVERSION = YES;
				CLANG_WARN_NON_LITERAL_NULL_CONVERSION = YES;
				CLANG_WARN_OBJC_IMPLICIT_RETAIN_SELF = YES;
				CLANG_WARN_OBJC_LITERAL_CONVERSION = YES;
				CLANG_WARN_OBJC_ROOT_CLASS = YES_ERROR;
				CLANG_WARN_QUOTED_INCLUDE_IN_FRAMEWORK_HEADER = YES;
				CLANG_WARN_RANGE_LOOP_ANALYSIS = YES;
				CLANG_WARN_STRICT_PROTOTYPES = YES;
				CLANG_WARN_SUSPICIOUS_MOVE = YES;
				CLANG_WARN_UNGUARDED_AVAILABILITY = YES_AGGRESSIVE;
				CLANG_WARN_UNREACHABLE_CODE = YES;
				CLANG_WARN__DUPLICATE_METHOD_MATCH = YES;
				COPY_PHASE_STRIP = NO;
				DEBUG_INFORMATION_FORMAT = dwarf;
				ENABLE_STRICT_OBJC_MSGSEND = YES;
				ENABLE_TESTABILITY = YES;
				ENABLE_USER_SCRIPT_SANDBOXING = YES;
				GCC_C_LANGUAGE_STANDARD = gnu17;
				GCC_DYNAMIC_NO_PIC = NO;
				GCC_NO_COMMON_BLOCKS = YES;
				GCC_OPTIMIZATION_LEVEL = 0;
				GCC_PREPROCESSOR_DEFINITIONS = (
					"DEBUG=1",
					"$(inherited)",
				);
				GCC_WARN_64_TO_32_BIT_CONVERSION = YES;
				GCC_WARN_ABOUT_RETURN_TYPE = YES_ERROR;
				GCC_WARN_UNDECLARED_SELECTOR = YES;
				GCC_WARN_UNINITIALIZED_AUTOS = YES_AGGRESSIVE;
				GCC_WARN_UNUSED_FUNCTION = YES;
				GCC_WARN_UNUSED_VARIABLE = YES;
				IPHONEOS_DEPLOYMENT_TARGET = 17.5;
				LOCALIZATION_PREFERS_STRING_CATALOGS = YES;
				MTL_ENABLE_DEBUG_INFO = INCLUDE_SOURCE;
				MTL_FAST_MATH = YES;
				ONLY_ACTIVE_ARCH = YES;
				SDKROOT = iphoneos;
				SWIFT_ACTIVE_COMPILATION_CONDITIONS = "DEBUG $(inherited)";
				SWIFT_OPTIMIZATION_LEVEL = "-Onone";
			};
			name = Debug;
		};
		2BF0E0C12CA052E300A0D5EE /* Release */ = {
			isa = XCBuildConfiguration;
			buildSettings = {
				ALWAYS_SEARCH_USER_PATHS = NO;
				ASSETCATALOG_COMPILER_GENERATE_SWIFT_ASSET_SYMBOL_EXTENSIONS = YES;
				CLANG_ANALYZER_NONNULL = YES;
				CLANG_ANALYZER_NUMBER_OBJECT_CONVERSION = YES_AGGRESSIVE;
				CLANG_CXX_LANGUAGE_STANDARD = "gnu++20";
				CLANG_ENABLE_MODULES = YES;
				CLANG_ENABLE_OBJC_ARC = YES;
				CLANG_ENABLE_OBJC_WEAK = YES;
				CLANG_WARN_BLOCK_CAPTURE_AUTORELEASING = YES;
				CLANG_WARN_BOOL_CONVERSION = YES;
				CLANG_WARN_COMMA = YES;
				CLANG_WARN_CONSTANT_CONVERSION = YES;
				CLANG_WARN_DEPRECATED_OBJC_IMPLEMENTATIONS = YES;
				CLANG_WARN_DIRECT_OBJC_ISA_USAGE = YES_ERROR;
				CLANG_WARN_DOCUMENTATION_COMMENTS = YES;
				CLANG_WARN_EMPTY_BODY = YES;
				CLANG_WARN_ENUM_CONVERSION = YES;
				CLANG_WARN_INFINITE_RECURSION = YES;
				CLANG_WARN_INT_CONVERSION = YES;
				CLANG_WARN_NON_LITERAL_NULL_CONVERSION = YES;
				CLANG_WARN_OBJC_IMPLICIT_RETAIN_SELF = YES;
				CLANG_WARN_OBJC_LITERAL_CONVERSION = YES;
				CLANG_WARN_OBJC_ROOT_CLASS = YES_ERROR;
				CLANG_WARN_QUOTED_INCLUDE_IN_FRAMEWORK_HEADER = YES;
				CLANG_WARN_RANGE_LOOP_ANALYSIS = YES;
				CLANG_WARN_STRICT_PROTOTYPES = YES;
				CLANG_WARN_SUSPICIOUS_MOVE = YES;
				CLANG_WARN_UNGUARDED_AVAILABILITY = YES_AGGRESSIVE;
				CLANG_WARN_UNREACHABLE_CODE = YES;
				CLANG_WARN__DUPLICATE_METHOD_MATCH = YES;
				COPY_PHASE_STRIP = NO;
				DEBUG_INFORMATION_FORMAT = "dwarf-with-dsym";
				ENABLE_NS_ASSERTIONS = NO;
				ENABLE_STRICT_OBJC_MSGSEND = YES;
				ENABLE_USER_SCRIPT_SANDBOXING = YES;
				GCC_C_LANGUAGE_STANDARD = gnu17;
				GCC_NO_COMMON_BLOCKS = YES;
				GCC_WARN_64_TO_32_BIT_CONVERSION = YES;
				GCC_WARN_ABOUT_RETURN_TYPE = YES_ERROR;
				GCC_WARN_UNDECLARED_SELECTOR = YES;
				GCC_WARN_UNINITIALIZED_AUTOS = YES_AGGRESSIVE;
				GCC_WARN_UNUSED_FUNCTION = YES;
				GCC_WARN_UNUSED_VARIABLE = YES;
				IPHONEOS_DEPLOYMENT_TARGET = 17.5;
				LOCALIZATION_PREFERS_STRING_CATALOGS = YES;
				MTL_ENABLE_DEBUG_INFO = NO;
				MTL_FAST_MATH = YES;
				SDKROOT = iphoneos;
				SWIFT_COMPILATION_MODE = wholemodule;
				VALIDATE_PRODUCT = YES;
			};
			name = Release;
		};
		2BF0E0C32CA052E300A0D5EE /* Debug */ = {
			isa = XCBuildConfiguration;
			buildSettings = {
				ASSETCATALOG_COMPILER_APPICON_NAME = AppIcon;
				ASSETCATALOG_COMPILER_GLOBAL_ACCENT_COLOR_NAME = AccentColor;
				CODE_SIGN_STYLE = Automatic;
				CURRENT_PROJECT_VERSION = 1;
				DEVELOPMENT_ASSET_PATHS = "\"Snapshots/Preview Content\"";
				DEVELOPMENT_TEAM = S29B2A4MLT;
				ENABLE_PREVIEWS = YES;
				GENERATE_INFOPLIST_FILE = YES;
				INFOPLIST_KEY_UIApplicationSceneManifest_Generation = YES;
				INFOPLIST_KEY_UIApplicationSupportsIndirectInputEvents = YES;
				INFOPLIST_KEY_UILaunchScreen_Generation = YES;
				INFOPLIST_KEY_UISupportedInterfaceOrientations_iPad = "UIInterfaceOrientationPortrait UIInterfaceOrientationPortraitUpsideDown UIInterfaceOrientationLandscapeLeft UIInterfaceOrientationLandscapeRight";
				INFOPLIST_KEY_UISupportedInterfaceOrientations_iPhone = "UIInterfaceOrientationPortrait UIInterfaceOrientationLandscapeLeft UIInterfaceOrientationLandscapeRight";
				LD_RUNPATH_SEARCH_PATHS = (
					"$(inherited)",
					"@executable_path/Frameworks",
				);
				MARKETING_VERSION = 1.0;
				PRODUCT_BUNDLE_IDENTIFIER = boogie.Snapshots;
				PRODUCT_NAME = "$(TARGET_NAME)";
				SWIFT_EMIT_LOC_STRINGS = YES;
				SWIFT_VERSION = 5.0;
				TARGETED_DEVICE_FAMILY = "1,2";
			};
			name = Debug;
		};
		2BF0E0C42CA052E300A0D5EE /* Release */ = {
			isa = XCBuildConfiguration;
			buildSettings = {
				ASSETCATALOG_COMPILER_APPICON_NAME = AppIcon;
				ASSETCATALOG_COMPILER_GLOBAL_ACCENT_COLOR_NAME = AccentColor;
				CODE_SIGN_STYLE = Automatic;
				CURRENT_PROJECT_VERSION = 1;
				DEVELOPMENT_ASSET_PATHS = "\"Snapshots/Preview Content\"";
				DEVELOPMENT_TEAM = S29B2A4MLT;
				ENABLE_PREVIEWS = YES;
				GENERATE_INFOPLIST_FILE = YES;
				INFOPLIST_KEY_UIApplicationSceneManifest_Generation = YES;
				INFOPLIST_KEY_UIApplicationSupportsIndirectInputEvents = YES;
				INFOPLIST_KEY_UILaunchScreen_Generation = YES;
				INFOPLIST_KEY_UISupportedInterfaceOrientations_iPad = "UIInterfaceOrientationPortrait UIInterfaceOrientationPortraitUpsideDown UIInterfaceOrientationLandscapeLeft UIInterfaceOrientationLandscapeRight";
				INFOPLIST_KEY_UISupportedInterfaceOrientations_iPhone = "UIInterfaceOrientationPortrait UIInterfaceOrientationLandscapeLeft UIInterfaceOrientationLandscapeRight";
				LD_RUNPATH_SEARCH_PATHS = (
					"$(inherited)",
					"@executable_path/Frameworks",
				);
				MARKETING_VERSION = 1.0;
				PRODUCT_BUNDLE_IDENTIFIER = boogie.Snapshots;
				PRODUCT_NAME = "$(TARGET_NAME)";
				SWIFT_EMIT_LOC_STRINGS = YES;
				SWIFT_VERSION = 5.0;
				TARGETED_DEVICE_FAMILY = "1,2";
			};
			name = Release;
		};
		2BF0E0C62CA052E300A0D5EE /* Debug */ = {
			isa = XCBuildConfiguration;
			buildSettings = {
				ALWAYS_EMBED_SWIFT_STANDARD_LIBRARIES = YES;
				BUNDLE_LOADER = "$(TEST_HOST)";
				CODE_SIGN_STYLE = Automatic;
				CURRENT_PROJECT_VERSION = 1;
				DEVELOPMENT_TEAM = S29B2A4MLT;
				GENERATE_INFOPLIST_FILE = YES;
				IPHONEOS_DEPLOYMENT_TARGET = 17.5;
				MARKETING_VERSION = 1.0;
				PRODUCT_BUNDLE_IDENTIFIER = boogie.SnapshotsTests;
				PRODUCT_NAME = "$(TARGET_NAME)";
				SWIFT_EMIT_LOC_STRINGS = NO;
				SWIFT_VERSION = 5.0;
				TARGETED_DEVICE_FAMILY = "1,2";
				TEST_HOST = "$(BUILT_PRODUCTS_DIR)/Snapshots.app/$(BUNDLE_EXECUTABLE_FOLDER_PATH)/Snapshots";
			};
			name = Debug;
		};
		2BF0E0C72CA052E300A0D5EE /* Release */ = {
			isa = XCBuildConfiguration;
			buildSettings = {
				ALWAYS_EMBED_SWIFT_STANDARD_LIBRARIES = YES;
				BUNDLE_LOADER = "$(TEST_HOST)";
				CODE_SIGN_STYLE = Automatic;
				CURRENT_PROJECT_VERSION = 1;
				DEVELOPMENT_TEAM = S29B2A4MLT;
				GENERATE_INFOPLIST_FILE = YES;
				IPHONEOS_DEPLOYMENT_TARGET = 17.5;
				MARKETING_VERSION = 1.0;
				PRODUCT_BUNDLE_IDENTIFIER = boogie.SnapshotsTests;
				PRODUCT_NAME = "$(TARGET_NAME)";
				SWIFT_EMIT_LOC_STRINGS = NO;
				SWIFT_VERSION = 5.0;
				TARGETED_DEVICE_FAMILY = "1,2";
				TEST_HOST = "$(BUILT_PRODUCTS_DIR)/Snapshots.app/$(BUNDLE_EXECUTABLE_FOLDER_PATH)/Snapshots";
			};
			name = Release;
		};
		2BF0E0C92CA052E300A0D5EE /* Debug */ = {
			isa = XCBuildConfiguration;
			buildSettings = {
				ALWAYS_EMBED_SWIFT_STANDARD_LIBRARIES = YES;
				CODE_SIGN_STYLE = Automatic;
				CURRENT_PROJECT_VERSION = 1;
				DEVELOPMENT_TEAM = S29B2A4MLT;
				GENERATE_INFOPLIST_FILE = YES;
				MARKETING_VERSION = 1.0;
				PRODUCT_BUNDLE_IDENTIFIER = boogie.SnapshotsUITests;
				PRODUCT_NAME = "$(TARGET_NAME)";
				SWIFT_EMIT_LOC_STRINGS = NO;
				SWIFT_VERSION = 5.0;
				TARGETED_DEVICE_FAMILY = "1,2";
				TEST_TARGET_NAME = Snapshots;
			};
			name = Debug;
		};
		2BF0E0CA2CA052E300A0D5EE /* Release */ = {
			isa = XCBuildConfiguration;
			buildSettings = {
				ALWAYS_EMBED_SWIFT_STANDARD_LIBRARIES = YES;
				CODE_SIGN_STYLE = Automatic;
				CURRENT_PROJECT_VERSION = 1;
				DEVELOPMENT_TEAM = S29B2A4MLT;
				GENERATE_INFOPLIST_FILE = YES;
				MARKETING_VERSION = 1.0;
				PRODUCT_BUNDLE_IDENTIFIER = boogie.SnapshotsUITests;
				PRODUCT_NAME = "$(TARGET_NAME)";
				SWIFT_EMIT_LOC_STRINGS = NO;
				SWIFT_VERSION = 5.0;
				TARGETED_DEVICE_FAMILY = "1,2";
				TEST_TARGET_NAME = Snapshots;
			};
			name = Release;
		};
/* End XCBuildConfiguration section */

/* Begin XCConfigurationList section */
		2BF0E0992CA052E200A0D5EE /* Build configuration list for PBXProject "Snapshots" */ = {
			isa = XCConfigurationList;
			buildConfigurations = (
				2BF0E0C02CA052E300A0D5EE /* Debug */,
				2BF0E0C12CA052E300A0D5EE /* Release */,
			);
			defaultConfigurationIsVisible = 0;
			defaultConfigurationName = Release;
		};
		2BF0E0C22CA052E300A0D5EE /* Build configuration list for PBXNativeTarget "Snapshots" */ = {
			isa = XCConfigurationList;
			buildConfigurations = (
				2BF0E0C32CA052E300A0D5EE /* Debug */,
				2BF0E0C42CA052E300A0D5EE /* Release */,
			);
			defaultConfigurationIsVisible = 0;
			defaultConfigurationName = Release;
		};
		2BF0E0C52CA052E300A0D5EE /* Build configuration list for PBXNativeTarget "SnapshotsTests" */ = {
			isa = XCConfigurationList;
			buildConfigurations = (
				2BF0E0C62CA052E300A0D5EE /* Debug */,
				2BF0E0C72CA052E300A0D5EE /* Release */,
			);
			defaultConfigurationIsVisible = 0;
			defaultConfigurationName = Release;
		};
		2BF0E0C82CA052E300A0D5EE /* Build configuration list for PBXNativeTarget "SnapshotsUITests" */ = {
			isa = XCConfigurationList;
			buildConfigurations = (
				2BF0E0C92CA052E300A0D5EE /* Debug */,
				2BF0E0CA2CA052E300A0D5EE /* Release */,
			);
			defaultConfigurationIsVisible = 0;
			defaultConfigurationName = Release;
		};
/* End XCConfigurationList section */
	};
	rootObject = 2BF0E0962CA052E200A0D5EE /* Project object */;
}
